
Microsoft Visual Studio Solution File, Format Version 12.00
# Visual Studio Version 16
VisualStudioVersion = 16.0.31129.286
MinimumVisualStudioVersion = 10.0.40219.1
Project("{9A19103F-16F7-4668-BE54-9A1E7A4F7556}") = "Diamond", "Diamond.csproj", "{092191F1-C09B-4DB3-A047-952C3B5B0A3F}"
EndProject
Global
	GlobalSection(SolutionConfigurationPlatforms) = preSolution
		Debug|Any CPU = Debug|Any CPU
		Release|Any CPU = Release|Any CPU
	EndGlobalSection
	GlobalSection(ProjectConfigurationPlatforms) = postSolution
		{092191F1-C09B-4DB3-A047-952C3B5B0A3F}.Debug|Any CPU.ActiveCfg = Debug|Any CPU
		{092191F1-C09B-4DB3-A047-952C3B5B0A3F}.Debug|Any CPU.Build.0 = Debug|Any CPU
		{092191F1-C09B-4DB3-A047-952C3B5B0A3F}.Release|Any CPU.ActiveCfg = Release|Any CPU
		{092191F1-C09B-4DB3-A047-952C3B5B0A3F}.Release|Any CPU.Build.0 = Release|Any CPU
	EndGlobalSection
	GlobalSection(SolutionProperties) = preSolution
		HideSolutionNode = FALSE
	EndGlobalSection
	GlobalSection(ExtensibilityGlobals) = postSolution
		SolutionGuid = {E295443C-7318-4201-8B16-1BA35330A9A6}
	EndGlobalSection
EndGlobal
